<?xml version="1.0" encoding="utf-8"?>
<Project ToolsVersion="4.0" xmlns="http://schemas.microsoft.com/developer/msbuild/2003">
  <ItemGroup>
    <Filter Include="Source">
      <UniqueIdentifier>{56EB95D1-428D-C0A7-2B48-D4FB178947F8}</UniqueIdentifier>
    </Filter>
  </ItemGroup>
  <ItemGroup>
    <ClInclude Include="Source\Mirror.h">
      <Filter>Source</Filter>
    </ClInclude>
    <ClInclude Include="Source\TypeDeduction.h">
      <Filter>Source</Filter>
    </ClInclude>
    <ClInclude Include="Source\Structs.h">
      <Filter>Source</Filter>
    </ClInclude>
    <ClInclude Include="Source\ExtendedTypeIds.h">
      <Filter>Source</Filter>
    </ClInclude>
    <ClInclude Include="Source\BaseTypeIds.h">
      <Filter>Source</Filter>
    </ClInclude>
  </ItemGroup>
</Project>