<?xml version="1.0" encoding="utf-8"?>
<Project ToolsVersion="4.0" xmlns="http://schemas.microsoft.com/developer/msbuild/2003">
  <ItemGroup>
    <Filter Include="Source">
      <UniqueIdentifier>{56EB95D1-428D-C0A7-2B48-D4FB178947F8}</UniqueIdentifier>
    </Filter>
    <Filter Include="cJSON">
      <UniqueIdentifier>{A279280F-0E8E-50C0-D70F-F41F43E34CF1}</UniqueIdentifier>
    </Filter>
  </ItemGroup>
  <ItemGroup>
    <ClInclude Include="Source\ForMirror.h">
      <Filter>Source</Filter>
    </ClInclude>
    <ClInclude Include="Source\Main.h">
      <Filter>Source</Filter>
    </ClInclude>
    <ClInclude Include="cJSON\cJSON.h">
      <Filter>cJSON</Filter>
    </ClInclude>
  </ItemGroup>
  <ItemGroup>
    <ClCompile Include="Source\Example1.cpp">
      <Filter>Source</Filter>
    </ClCompile>
    <ClCompile Include="Source\Example2.cpp">
      <Filter>Source</Filter>
    </ClCompile>
    <ClCompile Include="Source\Example3.cpp">
      <Filter>Source</Filter>
    </ClCompile>
    <ClCompile Include="Source\Example4.cpp">
      <Filter>Source</Filter>
    </ClCompile>
    <ClCompile Include="Source\ForMirror.cpp">
      <Filter>Source</Filter>
    </ClCompile>
    <ClCompile Include="Source\Main.cpp">
      <Filter>Source</Filter>
    </ClCompile>
    <ClCompile Include="Source\UserDefinedCollection.cpp">
      <Filter>Source</Filter>
    </ClCompile>
    <ClCompile Include="cJSON\cJSON.cpp">
      <Filter>cJSON</Filter>
    </ClCompile>
  </ItemGroup>
</Project>